// !$*UTF8*$!
{
	archiveVersion = 1;
	classes = {
	};
	objectVersion = 55;
	objects = {

/* Begin PBXBuildFile section */
		9115BDE61523F90CF8041D92 /* Pods_Reguards.framework in Frameworks */ = {isa = PBXBuildFile; fileRef = A9F8941E6152C80F5E6D2592 /* Pods_Reguards.framework */; };
		DF5A474F28606F9500447BD7 /* Commons in Frameworks */ = {isa = PBXBuildFile; productRef = DF5A474E28606F9500447BD7 /* Commons */; };
		DFDB38442859DDBD0096F95D /* AppDelegate.swift in Sources */ = {isa = PBXBuildFile; fileRef = DFDB38432859DDBD0096F95D /* AppDelegate.swift */; };
		DFDB38462859DDBD0096F95D /* SceneDelegate.swift in Sources */ = {isa = PBXBuildFile; fileRef = DFDB38452859DDBD0096F95D /* SceneDelegate.swift */; };
		DFDB38482859DDBD0096F95D /* ViewController.swift in Sources */ = {isa = PBXBuildFile; fileRef = DFDB38472859DDBD0096F95D /* ViewController.swift */; };
		DFDB384B2859DDBD0096F95D /* Main.storyboard in Resources */ = {isa = PBXBuildFile; fileRef = DFDB38492859DDBD0096F95D /* Main.storyboard */; };
		DFDB384E2859DDBD0096F95D /* Reguards.xcdatamodeld in Sources */ = {isa = PBXBuildFile; fileRef = DFDB384C2859DDBD0096F95D /* Reguards.xcdatamodeld */; };
		DFDB38502859DDBD0096F95D /* Assets.xcassets in Resources */ = {isa = PBXBuildFile; fileRef = DFDB384F2859DDBD0096F95D /* Assets.xcassets */; };
		DFDB38532859DDBD0096F95D /* LaunchScreen.storyboard in Resources */ = {isa = PBXBuildFile; fileRef = DFDB38512859DDBD0096F95D /* LaunchScreen.storyboard */; };
		DFDB385C2859F61E0096F95D /* CoredataController.swift in Sources */ = {isa = PBXBuildFile; fileRef = DFDB385B2859F61E0096F95D /* CoredataController.swift */; };
/* End PBXBuildFile section */

/* Begin PBXFileReference section */
		26F85F6E3276B1E9E9E42DF5 /* Pods-Reguards.release.xcconfig */ = {isa = PBXFileReference; includeInIndex = 1; lastKnownFileType = text.xcconfig; name = "Pods-Reguards.release.xcconfig"; path = "Target Support Files/Pods-Reguards/Pods-Reguards.release.xcconfig"; sourceTree = "<group>"; };
		67E2F4143778F9C3341035E3 /* Pods-Reguards.debug.xcconfig */ = {isa = PBXFileReference; includeInIndex = 1; lastKnownFileType = text.xcconfig; name = "Pods-Reguards.debug.xcconfig"; path = "Target Support Files/Pods-Reguards/Pods-Reguards.debug.xcconfig"; sourceTree = "<group>"; };
		A9F8941E6152C80F5E6D2592 /* Pods_Reguards.framework */ = {isa = PBXFileReference; explicitFileType = wrapper.framework; includeInIndex = 0; path = Pods_Reguards.framework; sourceTree = BUILT_PRODUCTS_DIR; };
		DF5A474D28606F7E00447BD7 /* Commons */ = {isa = PBXFileReference; lastKnownFileType = wrapper; path = Commons; sourceTree = "<group>"; };
		DF5A475028608A0F00447BD7 /* Reguards.entitlements */ = {isa = PBXFileReference; lastKnownFileType = text.plist.entitlements; path = Reguards.entitlements; sourceTree = "<group>"; };
		DFDB38402859DDBD0096F95D /* Reguards.app */ = {isa = PBXFileReference; explicitFileType = wrapper.application; includeInIndex = 0; path = Reguards.app; sourceTree = BUILT_PRODUCTS_DIR; };
		DFDB38432859DDBD0096F95D /* AppDelegate.swift */ = {isa = PBXFileReference; lastKnownFileType = sourcecode.swift; path = AppDelegate.swift; sourceTree = "<group>"; };
		DFDB38452859DDBD0096F95D /* SceneDelegate.swift */ = {isa = PBXFileReference; lastKnownFileType = sourcecode.swift; path = SceneDelegate.swift; sourceTree = "<group>"; };
		DFDB38472859DDBD0096F95D /* ViewController.swift */ = {isa = PBXFileReference; lastKnownFileType = sourcecode.swift; path = ViewController.swift; sourceTree = "<group>"; };
		DFDB384A2859DDBD0096F95D /* Base */ = {isa = PBXFileReference; lastKnownFileType = file.storyboard; name = Base; path = Base.lproj/Main.storyboard; sourceTree = "<group>"; };
		DFDB384D2859DDBD0096F95D /* Reguards.xcdatamodel */ = {isa = PBXFileReference; lastKnownFileType = wrapper.xcdatamodel; path = Reguards.xcdatamodel; sourceTree = "<group>"; };
		DFDB384F2859DDBD0096F95D /* Assets.xcassets */ = {isa = PBXFileReference; lastKnownFileType = folder.assetcatalog; path = Assets.xcassets; sourceTree = "<group>"; };
		DFDB38522859DDBD0096F95D /* Base */ = {isa = PBXFileReference; lastKnownFileType = file.storyboard; name = Base; path = Base.lproj/LaunchScreen.storyboard; sourceTree = "<group>"; };
		DFDB38542859DDBD0096F95D /* Info.plist */ = {isa = PBXFileReference; lastKnownFileType = text.plist.xml; path = Info.plist; sourceTree = "<group>"; };
		DFDB385B2859F61E0096F95D /* CoredataController.swift */ = {isa = PBXFileReference; lastKnownFileType = sourcecode.swift; path = CoredataController.swift; sourceTree = "<group>"; };
/* End PBXFileReference section */

/* Begin PBXFrameworksBuildPhase section */
		DFDB383D2859DDBD0096F95D /* Frameworks */ = {
			isa = PBXFrameworksBuildPhase;
			buildActionMask = 2147483647;
			files = (
				9115BDE61523F90CF8041D92 /* Pods_Reguards.framework in Frameworks */,
				DF5A474F28606F9500447BD7 /* Commons in Frameworks */,
			);
			runOnlyForDeploymentPostprocessing = 0;
		};
/* End PBXFrameworksBuildPhase section */

/* Begin PBXGroup section */
		A1B893446623B440B44879EE /* Frameworks */ = {
			isa = PBXGroup;
			children = (
				A9F8941E6152C80F5E6D2592 /* Pods_Reguards.framework */,
			);
			name = Frameworks;
			sourceTree = "<group>";
		};
		DF5A474C28606F7E00447BD7 /* Packages */ = {
			isa = PBXGroup;
			children = (
				DF5A474D28606F7E00447BD7 /* Commons */,
			);
			name = Packages;
			sourceTree = "<group>";
		};
		DFDB38372859DDBD0096F95D = {
			isa = PBXGroup;
			children = (
				DF5A474C28606F7E00447BD7 /* Packages */,
				DFDB38422859DDBD0096F95D /* Reguards */,
				DFDB38412859DDBD0096F95D /* Products */,
				F40BFAF6B25E7B5740512810 /* Pods */,
				A1B893446623B440B44879EE /* Frameworks */,
			);
			sourceTree = "<group>";
		};
		DFDB38412859DDBD0096F95D /* Products */ = {
			isa = PBXGroup;
			children = (
				DFDB38402859DDBD0096F95D /* Reguards.app */,
			);
			name = Products;
			sourceTree = "<group>";
		};
		DFDB38422859DDBD0096F95D /* Reguards */ = {
			isa = PBXGroup;
			children = (
				DF5A475028608A0F00447BD7 /* Reguards.entitlements */,
				DFDB385A2859F5DD0096F95D /* Coredata Controller */,
				DFDB38432859DDBD0096F95D /* AppDelegate.swift */,
				DFDB38452859DDBD0096F95D /* SceneDelegate.swift */,
				DFDB38472859DDBD0096F95D /* ViewController.swift */,
				DFDB38492859DDBD0096F95D /* Main.storyboard */,
				DFDB384F2859DDBD0096F95D /* Assets.xcassets */,
				DFDB38512859DDBD0096F95D /* LaunchScreen.storyboard */,
				DFDB38542859DDBD0096F95D /* Info.plist */,
				DFDB384C2859DDBD0096F95D /* Reguards.xcdatamodeld */,
			);
			path = Reguards;
			sourceTree = "<group>";
		};
		DFDB385A2859F5DD0096F95D /* Coredata Controller */ = {
			isa = PBXGroup;
			children = (
				DFDB385B2859F61E0096F95D /* CoredataController.swift */,
			);
			path = "Coredata Controller";
			sourceTree = "<group>";
		};
		F40BFAF6B25E7B5740512810 /* Pods */ = {
			isa = PBXGroup;
			children = (
				67E2F4143778F9C3341035E3 /* Pods-Reguards.debug.xcconfig */,
				26F85F6E3276B1E9E9E42DF5 /* Pods-Reguards.release.xcconfig */,
			);
			path = Pods;
			sourceTree = "<group>";
		};
/* End PBXGroup section */

/* Begin PBXNativeTarget section */
		DFDB383F2859DDBD0096F95D /* Reguards */ = {
			isa = PBXNativeTarget;
			buildConfigurationList = DFDB38572859DDBD0096F95D /* Build configuration list for PBXNativeTarget "Reguards" */;
			buildPhases = (
				1B38B0E5ABA6630A23FE04E0 /* [CP] Check Pods Manifest.lock */,
				DFDB383C2859DDBD0096F95D /* Sources */,
				DFDB383D2859DDBD0096F95D /* Frameworks */,
				DFDB383E2859DDBD0096F95D /* Resources */,
				8122FAAACAB0370364899EB6 /* [CP] Embed Pods Frameworks */,
				C44911657E1D1B0A97781494 /* [CP] Copy Pods Resources */,
			);
			buildRules = (
			);
			dependencies = (
			);
			name = Reguards;
			packageProductDependencies = (
				DF5A474E28606F9500447BD7 /* Commons */,
			);
			productName = Reguards;
			productReference = DFDB38402859DDBD0096F95D /* Reguards.app */;
			productType = "com.apple.product-type.application";
		};
/* End PBXNativeTarget section */

/* Begin PBXProject section */
		DFDB38382859DDBD0096F95D /* Project object */ = {
			isa = PBXProject;
			attributes = {
				BuildIndependentTargetsInParallel = 1;
				LastSwiftUpdateCheck = 1330;
				LastUpgradeCheck = 1330;
				TargetAttributes = {
					DFDB383F2859DDBD0096F95D = {
						CreatedOnToolsVersion = 13.3;
					};
				};
			};
			buildConfigurationList = DFDB383B2859DDBD0096F95D /* Build configuration list for PBXProject "Reguards" */;
			compatibilityVersion = "Xcode 13.0";
			developmentRegion = en;
			hasScannedForEncodings = 0;
			knownRegions = (
				en,
				Base,
			);
			mainGroup = DFDB38372859DDBD0096F95D;
			productRefGroup = DFDB38412859DDBD0096F95D /* Products */;
			projectDirPath = "";
			projectRoot = "";
			targets = (
				DFDB383F2859DDBD0096F95D /* Reguards */,
			);
		};
/* End PBXProject section */

/* Begin PBXResourcesBuildPhase section */
		DFDB383E2859DDBD0096F95D /* Resources */ = {
			isa = PBXResourcesBuildPhase;
			buildActionMask = 2147483647;
			files = (
				DFDB38532859DDBD0096F95D /* LaunchScreen.storyboard in Resources */,
				DFDB38502859DDBD0096F95D /* Assets.xcassets in Resources */,
				DFDB384B2859DDBD0096F95D /* Main.storyboard in Resources */,
			);
			runOnlyForDeploymentPostprocessing = 0;
		};
/* End PBXResourcesBuildPhase section */

/* Begin PBXShellScriptBuildPhase section */
		1B38B0E5ABA6630A23FE04E0 /* [CP] Check Pods Manifest.lock */ = {
			isa = PBXShellScriptBuildPhase;
			buildActionMask = 2147483647;
			files = (
			);
			inputFileListPaths = (
			);
			inputPaths = (
				"${PODS_PODFILE_DIR_PATH}/Podfile.lock",
				"${PODS_ROOT}/Manifest.lock",
			);
			name = "[CP] Check Pods Manifest.lock";
			outputFileListPaths = (
			);
			outputPaths = (
				"$(DERIVED_FILE_DIR)/Pods-Reguards-checkManifestLockResult.txt",
			);
			runOnlyForDeploymentPostprocessing = 0;
			shellPath = /bin/sh;
			shellScript = "diff \"${PODS_PODFILE_DIR_PATH}/Podfile.lock\" \"${PODS_ROOT}/Manifest.lock\" > /dev/null\nif [ $? != 0 ] ; then\n    # print error to STDERR\n    echo \"error: The sandbox is not in sync with the Podfile.lock. Run 'pod install' or update your CocoaPods installation.\" >&2\n    exit 1\nfi\n# This output is used by Xcode 'outputs' to avoid re-running this script phase.\necho \"SUCCESS\" > \"${SCRIPT_OUTPUT_FILE_0}\"\n";
			showEnvVarsInLog = 0;
		};
		8122FAAACAB0370364899EB6 /* [CP] Embed Pods Frameworks */ = {
			isa = PBXShellScriptBuildPhase;
			buildActionMask = 2147483647;
			files = (
			);
			inputFileListPaths = (
				"${PODS_ROOT}/Target Support Files/Pods-Reguards/Pods-Reguards-frameworks-${CONFIGURATION}-input-files.xcfilelist",
			);
			name = "[CP] Embed Pods Frameworks";
			outputFileListPaths = (
				"${PODS_ROOT}/Target Support Files/Pods-Reguards/Pods-Reguards-frameworks-${CONFIGURATION}-output-files.xcfilelist",
			);
			runOnlyForDeploymentPostprocessing = 0;
			shellPath = /bin/sh;
			shellScript = "\"${PODS_ROOT}/Target Support Files/Pods-Reguards/Pods-Reguards-frameworks.sh\"\n";
			showEnvVarsInLog = 0;
		};
		C44911657E1D1B0A97781494 /* [CP] Copy Pods Resources */ = {
			isa = PBXShellScriptBuildPhase;
			buildActionMask = 2147483647;
			files = (
			);
			inputFileListPaths = (
				"${PODS_ROOT}/Target Support Files/Pods-Reguards/Pods-Reguards-resources-${CONFIGURATION}-input-files.xcfilelist",
			);
			name = "[CP] Copy Pods Resources";
			outputFileListPaths = (
				"${PODS_ROOT}/Target Support Files/Pods-Reguards/Pods-Reguards-resources-${CONFIGURATION}-output-files.xcfilelist",
			);
			runOnlyForDeploymentPostprocessing = 0;
			shellPath = /bin/sh;
			shellScript = "\"${PODS_ROOT}/Target Support Files/Pods-Reguards/Pods-Reguards-resources.sh\"\n";
			showEnvVarsInLog = 0;
		};
/* End PBXShellScriptBuildPhase section */

/* Begin PBXSourcesBuildPhase section */
		DFDB383C2859DDBD0096F95D /* Sources */ = {
			isa = PBXSourcesBuildPhase;
			buildActionMask = 2147483647;
			files = (
				DFDB38482859DDBD0096F95D /* ViewController.swift in Sources */,
				DFDB38442859DDBD0096F95D /* AppDelegate.swift in Sources */,
				DFDB384E2859DDBD0096F95D /* Reguards.xcdatamodeld in Sources */,
				DFDB385C2859F61E0096F95D /* CoredataController.swift in Sources */,
				DFDB38462859DDBD0096F95D /* SceneDelegate.swift in Sources */,
			);
			runOnlyForDeploymentPostprocessing = 0;
		};
/* End PBXSourcesBuildPhase section */

/* Begin PBXVariantGroup section */
		DFDB38492859DDBD0096F95D /* Main.storyboard */ = {
			isa = PBXVariantGroup;
			children = (
				DFDB384A2859DDBD0096F95D /* Base */,
			);
			name = Main.storyboard;
			sourceTree = "<group>";
		};
		DFDB38512859DDBD0096F95D /* LaunchScreen.storyboard */ = {
			isa = PBXVariantGroup;
			children = (
				DFDB38522859DDBD0096F95D /* Base */,
			);
			name = LaunchScreen.storyboard;
			sourceTree = "<group>";
		};
/* End PBXVariantGroup section */

/* Begin XCBuildConfiguration section */
		DFDB38552859DDBD0096F95D /* Debug */ = {
			isa = XCBuildConfiguration;
			buildSettings = {
				ALWAYS_SEARCH_USER_PATHS = NO;
				CLANG_ANALYZER_NONNULL = YES;
				CLANG_ANALYZER_NUMBER_OBJECT_CONVERSION = YES_AGGRESSIVE;
				CLANG_CXX_LANGUAGE_STANDARD = "gnu++17";
				CLANG_ENABLE_MODULES = YES;
				CLANG_ENABLE_OBJC_ARC = YES;
				CLANG_ENABLE_OBJC_WEAK = YES;
				CLANG_WARN_BLOCK_CAPTURE_AUTORELEASING = YES;
				CLANG_WARN_BOOL_CONVERSION = YES;
				CLANG_WARN_COMMA = YES;
				CLANG_WARN_CONSTANT_CONVERSION = YES;
				CLANG_WARN_DEPRECATED_OBJC_IMPLEMENTATIONS = YES;
				CLANG_WARN_DIRECT_OBJC_ISA_USAGE = YES_ERROR;
				CLANG_WARN_DOCUMENTATION_COMMENTS = YES;
				CLANG_WARN_EMPTY_BODY = YES;
				CLANG_WARN_ENUM_CONVERSION = YES;
				CLANG_WARN_INFINITE_RECURSION = YES;
				CLANG_WARN_INT_CONVERSION = YES;
				CLANG_WARN_NON_LITERAL_NULL_CONVERSION = YES;
				CLANG_WARN_OBJC_IMPLICIT_RETAIN_SELF = YES;
				CLANG_WARN_OBJC_LITERAL_CONVERSION = YES;
				CLANG_WARN_OBJC_ROOT_CLASS = YES_ERROR;
				CLANG_WARN_QUOTED_INCLUDE_IN_FRAMEWORK_HEADER = YES;
				CLANG_WARN_RANGE_LOOP_ANALYSIS = YES;
				CLANG_WARN_STRICT_PROTOTYPES = YES;
				CLANG_WARN_SUSPICIOUS_MOVE = YES;
				CLANG_WARN_UNGUARDED_AVAILABILITY = YES_AGGRESSIVE;
				CLANG_WARN_UNREACHABLE_CODE = YES;
				CLANG_WARN__DUPLICATE_METHOD_MATCH = YES;
				COPY_PHASE_STRIP = NO;
				DEBUG_INFORMATION_FORMAT = dwarf;
				ENABLE_STRICT_OBJC_MSGSEND = YES;
				ENABLE_TESTABILITY = YES;
				GCC_C_LANGUAGE_STANDARD = gnu11;
				GCC_DYNAMIC_NO_PIC = NO;
				GCC_NO_COMMON_BLOCKS = YES;
				GCC_OPTIMIZATION_LEVEL = 0;
				GCC_PREPROCESSOR_DEFINITIONS = (
					"DEBUG=1",
					"$(inherited)",
				);
				GCC_WARN_64_TO_32_BIT_CONVERSION = YES;
				GCC_WARN_ABOUT_RETURN_TYPE = YES_ERROR;
				GCC_WARN_UNDECLARED_SELECTOR = YES;
				GCC_WARN_UNINITIALIZED_AUTOS = YES_AGGRESSIVE;
				GCC_WARN_UNUSED_FUNCTION = YES;
				GCC_WARN_UNUSED_VARIABLE = YES;
				IPHONEOS_DEPLOYMENT_TARGET = 15.4;
				MTL_ENABLE_DEBUG_INFO = INCLUDE_SOURCE;
				MTL_FAST_MATH = YES;
				ONLY_ACTIVE_ARCH = YES;
				SDKROOT = iphoneos;
				SWIFT_ACTIVE_COMPILATION_CONDITIONS = DEBUG;
				SWIFT_OPTIMIZATION_LEVEL = "-Onone";
			};
			name = Debug;
		};
		DFDB38562859DDBD0096F95D /* Release */ = {
			isa = XCBuildConfiguration;
			buildSettings = {
				ALWAYS_SEARCH_USER_PATHS = NO;
				CLANG_ANALYZER_NONNULL = YES;
				CLANG_ANALYZER_NUMBER_OBJECT_CONVERSION = YES_AGGRESSIVE;
				CLANG_CXX_LANGUAGE_STANDARD = "gnu++17";
				CLANG_ENABLE_MODULES = YES;
				CLANG_ENABLE_OBJC_ARC = YES;
				CLANG_ENABLE_OBJC_WEAK = YES;
				CLANG_WARN_BLOCK_CAPTURE_AUTORELEASING = YES;
				CLANG_WARN_BOOL_CONVERSION = YES;
				CLANG_WARN_COMMA = YES;
				CLANG_WARN_CONSTANT_CONVERSION = YES;
				CLANG_WARN_DEPRECATED_OBJC_IMPLEMENTATIONS = YES;
				CLANG_WARN_DIRECT_OBJC_ISA_USAGE = YES_ERROR;
				CLANG_WARN_DOCUMENTATION_COMMENTS = YES;
				CLANG_WARN_EMPTY_BODY = YES;
				CLANG_WARN_ENUM_CONVERSION = YES;
				CLANG_WARN_INFINITE_RECURSION = YES;
				CLANG_WARN_INT_CONVERSION = YES;
				CLANG_WARN_NON_LITERAL_NULL_CONVERSION = YES;
				CLANG_WARN_OBJC_IMPLICIT_RETAIN_SELF = YES;
				CLANG_WARN_OBJC_LITERAL_CONVERSION = YES;
				CLANG_WARN_OBJC_ROOT_CLASS = YES_ERROR;
				CLANG_WARN_QUOTED_INCLUDE_IN_FRAMEWORK_HEADER = YES;
				CLANG_WARN_RANGE_LOOP_ANALYSIS = YES;
				CLANG_WARN_STRICT_PROTOTYPES = YES;
				CLANG_WARN_SUSPICIOUS_MOVE = YES;
				CLANG_WARN_UNGUARDED_AVAILABILITY = YES_AGGRESSIVE;
				CLANG_WARN_UNREACHABLE_CODE = YES;
				CLANG_WARN__DUPLICATE_METHOD_MATCH = YES;
				COPY_PHASE_STRIP = NO;
				DEBUG_INFORMATION_FORMAT = "dwarf-with-dsym";
				ENABLE_NS_ASSERTIONS = NO;
				ENABLE_STRICT_OBJC_MSGSEND = YES;
				GCC_C_LANGUAGE_STANDARD = gnu11;
				GCC_NO_COMMON_BLOCKS = YES;
				GCC_WARN_64_TO_32_BIT_CONVERSION = YES;
				GCC_WARN_ABOUT_RETURN_TYPE = YES_ERROR;
				GCC_WARN_UNDECLARED_SELECTOR = YES;
				GCC_WARN_UNINITIALIZED_AUTOS = YES_AGGRESSIVE;
				GCC_WARN_UNUSED_FUNCTION = YES;
				GCC_WARN_UNUSED_VARIABLE = YES;
				IPHONEOS_DEPLOYMENT_TARGET = 15.4;
				MTL_ENABLE_DEBUG_INFO = NO;
				MTL_FAST_MATH = YES;
				SDKROOT = iphoneos;
				SWIFT_COMPILATION_MODE = wholemodule;
				SWIFT_OPTIMIZATION_LEVEL = "-O";
				VALIDATE_PRODUCT = YES;
			};
			name = Release;
		};
		DFDB38582859DDBD0096F95D /* Debug */ = {
			isa = XCBuildConfiguration;
			baseConfigurationReference = 67E2F4143778F9C3341035E3 /* Pods-Reguards.debug.xcconfig */;
			buildSettings = {
				ASSETCATALOG_COMPILER_APPICON_NAME = AppIcon;
				ASSETCATALOG_COMPILER_GLOBAL_ACCENT_COLOR_NAME = AccentColor;
				CODE_SIGN_ENTITLEMENTS = Reguards/Reguards.entitlements;
				CODE_SIGN_STYLE = Automatic;
				CURRENT_PROJECT_VERSION = 1;
				DEVELOPMENT_TEAM = 843V7URJY9;
				GENERATE_INFOPLIST_FILE = YES;
				INFOPLIST_FILE = Reguards/Info.plist;
				INFOPLIST_KEY_UIApplicationSupportsIndirectInputEvents = YES;
				INFOPLIST_KEY_UILaunchStoryboardName = LaunchScreen;
				INFOPLIST_KEY_UIMainStoryboardFile = Main;
				INFOPLIST_KEY_UISupportedInterfaceOrientations = UIInterfaceOrientationPortrait;
				INFOPLIST_KEY_UISupportedInterfaceOrientations_iPad = "UIInterfaceOrientationPortrait UIInterfaceOrientationPortraitUpsideDown UIInterfaceOrientationLandscapeLeft UIInterfaceOrientationLandscapeRight";
				INFOPLIST_KEY_UISupportedInterfaceOrientations_iPhone = "UIInterfaceOrientationPortrait UIInterfaceOrientationLandscapeLeft UIInterfaceOrientationLandscapeRight";
				LD_RUNPATH_SEARCH_PATHS = (
					"$(inherited)",
					"@executable_path/Frameworks",
				);
				MARKETING_VERSION = 1.0;
				PRODUCT_BUNDLE_IDENTIFIER = com.heri.Reguards;
				PRODUCT_NAME = "$(TARGET_NAME)";
				SWIFT_EMIT_LOC_STRINGS = YES;
				SWIFT_VERSION = 5.0;
				TARGETED_DEVICE_FAMILY = "1,2";
			};
			name = Debug;
		};
		DFDB38592859DDBD0096F95D /* Release */ = {
			isa = XCBuildConfiguration;
			baseConfigurationReference = 26F85F6E3276B1E9E9E42DF5 /* Pods-Reguards.release.xcconfig */;
			buildSettings = {
				ASSETCATALOG_COMPILER_APPICON_NAME = AppIcon;
				ASSETCATALOG_COMPILER_GLOBAL_ACCENT_COLOR_NAME = AccentColor;
				CODE_SIGN_ENTITLEMENTS = Reguards/Reguards.entitlements;
				CODE_SIGN_STYLE = Automatic;
				CURRENT_PROJECT_VERSION = 1;
				DEVELOPMENT_TEAM = 843V7URJY9;
				GENERATE_INFOPLIST_FILE = YES;
				INFOPLIST_FILE = Reguards/Info.plist;
				INFOPLIST_KEY_UIApplicationSupportsIndirectInputEvents = YES;
				INFOPLIST_KEY_UILaunchStoryboardName = LaunchScreen;
				INFOPLIST_KEY_UIMainStoryboardFile = Main;
				INFOPLIST_KEY_UISupportedInterfaceOrientations = UIInterfaceOrientationPortrait;
				INFOPLIST_KEY_UISupportedInterfaceOrientations_iPad = "UIInterfaceOrientationPortrait UIInterfaceOrientationPortraitUpsideDown UIInterfaceOrientationLandscapeLeft UIInterfaceOrientationLandscapeRight";
				INFOPLIST_KEY_UISupportedInterfaceOrientations_iPhone = "UIInterfaceOrientationPortrait UIInterfaceOrientationLandscapeLeft UIInterfaceOrientationLandscapeRight";
				LD_RUNPATH_SEARCH_PATHS = (
					"$(inherited)",
					"@executable_path/Frameworks",
				);
				MARKETING_VERSION = 1.0;
				PRODUCT_BUNDLE_IDENTIFIER = com.heri.Reguards;
				PRODUCT_NAME = "$(TARGET_NAME)";
				SWIFT_EMIT_LOC_STRINGS = YES;
				SWIFT_VERSION = 5.0;
				TARGETED_DEVICE_FAMILY = "1,2";
			};
			name = Release;
		};
/* End XCBuildConfiguration section */

/* Begin XCConfigurationList section */
		DFDB383B2859DDBD0096F95D /* Build configuration list for PBXProject "Reguards" */ = {
			isa = XCConfigurationList;
			buildConfigurations = (
				DFDB38552859DDBD0096F95D /* Debug */,
				DFDB38562859DDBD0096F95D /* Release */,
			);
			defaultConfigurationIsVisible = 0;
			defaultConfigurationName = Release;
		};
		DFDB38572859DDBD0096F95D /* Build configuration list for PBXNativeTarget "Reguards" */ = {
			isa = XCConfigurationList;
			buildConfigurations = (
				DFDB38582859DDBD0096F95D /* Debug */,
				DFDB38592859DDBD0096F95D /* Release */,
			);
			defaultConfigurationIsVisible = 0;
			defaultConfigurationName = Release;
		};
/* End XCConfigurationList section */

/* Begin XCSwiftPackageProductDependency section */
		DF5A474E28606F9500447BD7 /* Commons */ = {
			isa = XCSwiftPackageProductDependency;
			productName = Commons;
		};
/* End XCSwiftPackageProductDependency section */

/* Begin XCVersionGroup section */
		DFDB384C2859DDBD0096F95D /* Reguards.xcdatamodeld */ = {
			isa = XCVersionGroup;
			children = (
				DFDB384D2859DDBD0096F95D /* Reguards.xcdatamodel */,
			);
			currentVersion = DFDB384D2859DDBD0096F95D /* Reguards.xcdatamodel */;
			path = Reguards.xcdatamodeld;
			sourceTree = "<group>";
			versionGroupType = wrapper.xcdatamodel;
		};
/* End XCVersionGroup section */
	};
	rootObject = DFDB38382859DDBD0096F95D /* Project object */;
}
